
Microsoft Visual Studio Solution File, Format Version 12.00
# Visual Studio Version 16
VisualStudioVersion = 16.0.34407.143
MinimumVisualStudioVersion = 10.0.40219.1
Project("{FAE04EC0-301F-11D3-BF4B-00C04F79EFBC}") = "my C++ 1 assignment", "my C++ 1 assignment.csproj", "{A23F52AD-FBD8-49CE-B35F-EC34F0A47EEB}"
EndProject
Global
	GlobalSection(SolutionConfigurationPlatforms) = preSolution
		Debug|Any CPU = Debug|Any CPU
		Release|Any CPU = Release|Any CPU
	EndGlobalSection
	GlobalSection(ProjectConfigurationPlatforms) = postSolution
		{A23F52AD-FBD8-49CE-B35F-EC34F0A47EEB}.Debug|Any CPU.ActiveCfg = Debug|Any CPU
		{A23F52AD-FBD8-49CE-B35F-EC34F0A47EEB}.Debug|Any CPU.Build.0 = Debug|Any CPU
		{A23F52AD-FBD8-49CE-B35F-EC34F0A47EEB}.Release|Any CPU.ActiveCfg = Release|Any CPU
		{A23F52AD-FBD8-49CE-B35F-EC34F0A47EEB}.Release|Any CPU.Build.0 = Release|Any CPU
	EndGlobalSection
	GlobalSection(SolutionProperties) = preSolution
		HideSolutionNode = FALSE
	EndGlobalSection
	GlobalSection(ExtensibilityGlobals) = postSolution
		SolutionGuid = {1CD11773-1939-4BA9-8ED9-D5BB9F56D997}
	EndGlobalSection
EndGlobal
